<Solution>
  <Folder Name="/Aspire/">
    <Project Path="src/AI.Foundry.Local.RAG.AppHost/AI.Foundry.Local.RAG.AppHost.csproj" />
    <Project Path="src/AI.Foundry.Local.RAG.Shared/AI.Foundry.Local.RAG.Shared.csproj" />
  </Folder>
  <Folder Name="/Solution Items/">
    <File Path=".editorconfig" />
    <File Path=".gitignore" />
    <File Path="Directory.Build.props" />
    <File Path="Directory.Packages.props" />
    <File Path="README.md" />
  </Folder>
  <Project Path="src/AI.Foundry.Local.RAG.AI.Abstractions/AI.Foundry.Local.RAG.AI.Abstractions.csproj" Id="123b7f47-d638-4dd8-b6f5-eb373406516a" />
  <Project Path="src/AI.Foundry.Local.RAG.Frontend/AI.Foundry.Local.RAG.Frontend/AI.Foundry.Local.RAG.Frontend.csproj" />
  <Project Path="src/AI.Foundry.Local.RAG.ServiceDefaults/AI.Foundry.Local.RAG.ServiceDefaults.csproj" />
</Solution>
